
Microsoft Visual Studio Solution File, Format Version 12.00
# Visual Studio Version 16
VisualStudioVersion = 16.0.31424.327
MinimumVisualStudioVersion = 10.0.40219.1
Project("{FAE04EC0-301F-11D3-BF4B-00C04F79EFBC}") = "ConsoleAppSum", "ConsoleAppSum.csproj", "{5D8C6CE3-4F08-45EC-AE71-A2067B1FD28A}"
EndProject
Global
	GlobalSection(SolutionConfigurationPlatforms) = preSolution
		Debug|Any CPU = Debug|Any CPU
		Release|Any CPU = Release|Any CPU
	EndGlobalSection
	GlobalSection(ProjectConfigurationPlatforms) = postSolution
		{5D8C6CE3-4F08-45EC-AE71-A2067B1FD28A}.Debug|Any CPU.ActiveCfg = Debug|Any CPU
		{5D8C6CE3-4F08-45EC-AE71-A2067B1FD28A}.Debug|Any CPU.Build.0 = Debug|Any CPU
		{5D8C6CE3-4F08-45EC-AE71-A2067B1FD28A}.Release|Any CPU.ActiveCfg = Release|Any CPU
		{5D8C6CE3-4F08-45EC-AE71-A2067B1FD28A}.Release|Any CPU.Build.0 = Release|Any CPU
	EndGlobalSection
	GlobalSection(SolutionProperties) = preSolution
		HideSolutionNode = FALSE
	EndGlobalSection
	GlobalSection(ExtensibilityGlobals) = postSolution
		SolutionGuid = {A9FAAE1B-7D77-4588-9081-70F2CE9D2DAE}
	EndGlobalSection
EndGlobal
