
Microsoft Visual Studio Solution File, Format Version 12.00
# Visual Studio Version 16
VisualStudioVersion = 16.0.31424.327
MinimumVisualStudioVersion = 10.0.40219.1
Project("{FAE04EC0-301F-11D3-BF4B-00C04F79EFBC}") = "AccessModifier", "AccessModifier.csproj", "{F5796C58-77B5-49E8-83FB-32F0B21822FC}"
EndProject
Global
	GlobalSection(SolutionConfigurationPlatforms) = preSolution
		Debug|Any CPU = Debug|Any CPU
		Release|Any CPU = Release|Any CPU
	EndGlobalSection
	GlobalSection(ProjectConfigurationPlatforms) = postSolution
		{F5796C58-77B5-49E8-83FB-32F0B21822FC}.Debug|Any CPU.ActiveCfg = Debug|Any CPU
		{F5796C58-77B5-49E8-83FB-32F0B21822FC}.Debug|Any CPU.Build.0 = Debug|Any CPU
		{F5796C58-77B5-49E8-83FB-32F0B21822FC}.Release|Any CPU.ActiveCfg = Release|Any CPU
		{F5796C58-77B5-49E8-83FB-32F0B21822FC}.Release|Any CPU.Build.0 = Release|Any CPU
	EndGlobalSection
	GlobalSection(SolutionProperties) = preSolution
		HideSolutionNode = FALSE
	EndGlobalSection
	GlobalSection(ExtensibilityGlobals) = postSolution
		SolutionGuid = {A9A63C40-3AA0-4016-8CE0-F8011D9CA6BF}
	EndGlobalSection
EndGlobal
